
Microsoft Visual Studio Solution File, Format Version 12.00
# Visual Studio Version 16
VisualStudioVersion = 16.0.30907.101
MinimumVisualStudioVersion = 10.0.40219.1
Project("{9A19103F-16F7-4668-BE54-9A1E7A4F7556}") = "dnc.api", "dnc.api\dnc.api.csproj", "{BCA1E375-5788-4FDE-9C3B-B0C25CEC7677}"
EndProject
Global
	GlobalSection(SolutionConfigurationPlatforms) = preSolution
		Debug|Any CPU = Debug|Any CPU
		Release|Any CPU = Release|Any CPU
	EndGlobalSection
	GlobalSection(ProjectConfigurationPlatforms) = postSolution
		{BCA1E375-5788-4FDE-9C3B-B0C25CEC7677}.Debug|Any CPU.ActiveCfg = Debug|Any CPU
		{BCA1E375-5788-4FDE-9C3B-B0C25CEC7677}.Debug|Any CPU.Build.0 = Debug|Any CPU
		{BCA1E375-5788-4FDE-9C3B-B0C25CEC7677}.Release|Any CPU.ActiveCfg = Release|Any CPU
		{BCA1E375-5788-4FDE-9C3B-B0C25CEC7677}.Release|Any CPU.Build.0 = Release|Any CPU
	EndGlobalSection
	GlobalSection(SolutionProperties) = preSolution
		HideSolutionNode = FALSE
	EndGlobalSection
	GlobalSection(ExtensibilityGlobals) = postSolution
		SolutionGuid = {FC4027B9-993F-4E45-A306-4939271B2595}
	EndGlobalSection
EndGlobal
